
Microsoft Visual Studio Solution File, Format Version 12.00
# Visual Studio Version 16
VisualStudioVersion = 16.0.30406.217
MinimumVisualStudioVersion = 10.0.40219.1
Project("{FAE04EC0-301F-11D3-BF4B-00C04F79EFBC}") = "QuickDate", "QuickDate\QuickDate.csproj", "{04A646E0-4457-4A3F-A55C-6A4EF09219EE}"
EndProject
Project("{FAE04EC0-301F-11D3-BF4B-00C04F79EFBC}") = "QuickTest", "QuickTest\QuickTest.csproj", "{51A15AB1-12AC-4359-826F-43C20D70162A}"
EndProject
Global
	GlobalSection(SolutionConfigurationPlatforms) = preSolution
		Debug|Any CPU = Debug|Any CPU
		Release|Any CPU = Release|Any CPU
	EndGlobalSection
	GlobalSection(ProjectConfigurationPlatforms) = postSolution
		{04A646E0-4457-4A3F-A55C-6A4EF09219EE}.Debug|Any CPU.ActiveCfg = Debug|Any CPU
		{04A646E0-4457-4A3F-A55C-6A4EF09219EE}.Debug|Any CPU.Build.0 = Debug|Any CPU
		{04A646E0-4457-4A3F-A55C-6A4EF09219EE}.Release|Any CPU.ActiveCfg = Release|Any CPU
		{04A646E0-4457-4A3F-A55C-6A4EF09219EE}.Release|Any CPU.Build.0 = Release|Any CPU
		{51A15AB1-12AC-4359-826F-43C20D70162A}.Debug|Any CPU.ActiveCfg = Debug|Any CPU
		{51A15AB1-12AC-4359-826F-43C20D70162A}.Debug|Any CPU.Build.0 = Debug|Any CPU
		{51A15AB1-12AC-4359-826F-43C20D70162A}.Release|Any CPU.ActiveCfg = Release|Any CPU
		{51A15AB1-12AC-4359-826F-43C20D70162A}.Release|Any CPU.Build.0 = Release|Any CPU
	EndGlobalSection
	GlobalSection(SolutionProperties) = preSolution
		HideSolutionNode = FALSE
	EndGlobalSection
	GlobalSection(ExtensibilityGlobals) = postSolution
		SolutionGuid = {FA831D4B-760B-484A-8765-61ACF4C3EBCF}
	EndGlobalSection
EndGlobal
